
Microsoft Visual Studio Solution File, Format Version 12.00
# Visual Studio Version 17
VisualStudioVersion = 17.11.35005.142
MinimumVisualStudioVersion = 10.0.40219.1
Project("{FAE04EC0-301F-11D3-BF4B-00C04F79EFBC}") = "DotNet8.REPRPattern.Api", "DotNet8.REPRPattern.Api\DotNet8.REPRPattern.Api.csproj", "{A5B111CB-D143-4180-946B-023078033DC6}"
EndProject
Global
	GlobalSection(SolutionConfigurationPlatforms) = preSolution
		Debug|Any CPU = Debug|Any CPU
		Release|Any CPU = Release|Any CPU
	EndGlobalSection
	GlobalSection(ProjectConfigurationPlatforms) = postSolution
		{A5B111CB-D143-4180-946B-023078033DC6}.Debug|Any CPU.ActiveCfg = Debug|Any CPU
		{A5B111CB-D143-4180-946B-023078033DC6}.Debug|Any CPU.Build.0 = Debug|Any CPU
		{A5B111CB-D143-4180-946B-023078033DC6}.Release|Any CPU.ActiveCfg = Release|Any CPU
		{A5B111CB-D143-4180-946B-023078033DC6}.Release|Any CPU.Build.0 = Release|Any CPU
	EndGlobalSection
	GlobalSection(SolutionProperties) = preSolution
		HideSolutionNode = FALSE
	EndGlobalSection
	GlobalSection(ExtensibilityGlobals) = postSolution
		SolutionGuid = {45A66B12-8302-43B0-98D5-2943E114DAF9}
	EndGlobalSection
EndGlobal
